
Microsoft Visual Studio Solution File, Format Version 12.00
# Visual Studio 14
VisualStudioVersion = 14.0.25123.0
MinimumVisualStudioVersion = 10.0.40219.1
Project("{FAE04EC0-301F-11D3-BF4B-00C04F79EFBC}") = "UScript.Parser", "UScript.Parser\UScript.Parser.csproj", "{177DF05E-7515-4EBF-BF8F-56CD80017153}"
EndProject
Project("{FAE04EC0-301F-11D3-BF4B-00C04F79EFBC}") = "UScript.Compiler", "UScript.Compiler\UScript.Compiler.csproj", "{2E5A0CBE-A541-4E25-90EB-6110E9A477C3}"
EndProject
Project("{FAE04EC0-301F-11D3-BF4B-00C04F79EFBC}") = "UScript.Tests", "UScript.Tests\UScript.Tests.csproj", "{D7C58415-54B4-4BB9-BE7A-C118D8222682}"
EndProject
Project("{FAE04EC0-301F-11D3-BF4B-00C04F79EFBC}") = "UScript.CompilerUI", "UScript.CompilerUI\UScript.CompilerUI.csproj", "{B89CE7C8-F057-486D-B05D-2BE4A62CF425}"
EndProject
Global
	GlobalSection(SolutionConfigurationPlatforms) = preSolution
		Debug|Any CPU = Debug|Any CPU
		Release|Any CPU = Release|Any CPU
	EndGlobalSection
	GlobalSection(ProjectConfigurationPlatforms) = postSolution
		{177DF05E-7515-4EBF-BF8F-56CD80017153}.Debug|Any CPU.ActiveCfg = Debug|Any CPU
		{177DF05E-7515-4EBF-BF8F-56CD80017153}.Debug|Any CPU.Build.0 = Debug|Any CPU
		{177DF05E-7515-4EBF-BF8F-56CD80017153}.Release|Any CPU.ActiveCfg = Release|Any CPU
		{177DF05E-7515-4EBF-BF8F-56CD80017153}.Release|Any CPU.Build.0 = Release|Any CPU
		{2E5A0CBE-A541-4E25-90EB-6110E9A477C3}.Debug|Any CPU.ActiveCfg = Debug|Any CPU
		{2E5A0CBE-A541-4E25-90EB-6110E9A477C3}.Debug|Any CPU.Build.0 = Debug|Any CPU
		{2E5A0CBE-A541-4E25-90EB-6110E9A477C3}.Release|Any CPU.ActiveCfg = Release|Any CPU
		{2E5A0CBE-A541-4E25-90EB-6110E9A477C3}.Release|Any CPU.Build.0 = Release|Any CPU
		{D7C58415-54B4-4BB9-BE7A-C118D8222682}.Debug|Any CPU.ActiveCfg = Debug|Any CPU
		{D7C58415-54B4-4BB9-BE7A-C118D8222682}.Debug|Any CPU.Build.0 = Debug|Any CPU
		{D7C58415-54B4-4BB9-BE7A-C118D8222682}.Release|Any CPU.ActiveCfg = Release|Any CPU
		{D7C58415-54B4-4BB9-BE7A-C118D8222682}.Release|Any CPU.Build.0 = Release|Any CPU
		{B89CE7C8-F057-486D-B05D-2BE4A62CF425}.Debug|Any CPU.ActiveCfg = Debug|Any CPU
		{B89CE7C8-F057-486D-B05D-2BE4A62CF425}.Debug|Any CPU.Build.0 = Debug|Any CPU
		{B89CE7C8-F057-486D-B05D-2BE4A62CF425}.Release|Any CPU.ActiveCfg = Release|Any CPU
		{B89CE7C8-F057-486D-B05D-2BE4A62CF425}.Release|Any CPU.Build.0 = Release|Any CPU
	EndGlobalSection
	GlobalSection(SolutionProperties) = preSolution
		HideSolutionNode = FALSE
	EndGlobalSection
EndGlobal
